// !$*UTF8*$!
{
	archiveVersion = 1;
	classes = {
	};
	objectVersion = 55;
	objects = {

/* Begin PBXBuildFile section */
		341F3B122839C9BF00F12065 /* CueFunctionPanel.swift in Sources */ = {isa = PBXBuildFile; fileRef = 341F3B112839C9BF00F12065 /* CueFunctionPanel.swift */; };
		341F3B142839E99D00F12065 /* CueSerialPortPara.swift in Sources */ = {isa = PBXBuildFile; fileRef = 341F3B132839E99D00F12065 /* CueSerialPortPara.swift */; };
		341F3B18283A0C7700F12065 /* CueSerialPortPanel.swift in Sources */ = {isa = PBXBuildFile; fileRef = 341F3B17283A0C7700F12065 /* CueSerialPortPanel.swift */; };
		341F3B1C283A28DD00F12065 /* IOParaSettingPanel.swift in Sources */ = {isa = PBXBuildFile; fileRef = 341F3B1B283A28DD00F12065 /* IOParaSettingPanel.swift */; };
		341F3B1E283A311500F12065 /* SerialPortParaAll.swift in Sources */ = {isa = PBXBuildFile; fileRef = 341F3B1D283A311500F12065 /* SerialPortParaAll.swift */; };
		341F3B22283A44BA00F12065 /* LogCollectPanel.swift in Sources */ = {isa = PBXBuildFile; fileRef = 341F3B21283A44BA00F12065 /* LogCollectPanel.swift */; };
		34222A9828442DB100D16A74 /* ORSSerial in Frameworks */ = {isa = PBXBuildFile; productRef = 34222A9728442DB100D16A74 /* ORSSerial */; };
		34BAD665284261DB00C59DE7 /* PortParaViewModel.swift in Sources */ = {isa = PBXBuildFile; fileRef = 34BAD664284261DB00C59DE7 /* PortParaViewModel.swift */; };
		34BAD6672842E25C00C59DE7 /* BaudRateEnum.swift in Sources */ = {isa = PBXBuildFile; fileRef = 34BAD6662842E25C00C59DE7 /* BaudRateEnum.swift */; };
		34BCCED32841AB3A00A96DDB /* CueSerialPort.swift in Sources */ = {isa = PBXBuildFile; fileRef = 34BCCED22841AB3A00A96DDB /* CueSerialPort.swift */; };
		34BCCED52841ABFF00A96DDB /* CuePortConstants.swift in Sources */ = {isa = PBXBuildFile; fileRef = 34BCCED42841ABFF00A96DDB /* CuePortConstants.swift */; };
		34BCCED72841AEC800A96DDB /* ReceiveSendFormat.swift in Sources */ = {isa = PBXBuildFile; fileRef = 34BCCED62841AEC800A96DDB /* ReceiveSendFormat.swift */; };
		34BCCED92841ED0700A96DDB /* CuePortPara.swift in Sources */ = {isa = PBXBuildFile; fileRef = 34BCCED82841ED0700A96DDB /* CuePortPara.swift */; };
		34BCCEDB2841EDEB00A96DDB /* CueUtil.swift in Sources */ = {isa = PBXBuildFile; fileRef = 34BCCEDA2841EDEB00A96DDB /* CueUtil.swift */; };
		34F3DA2628390C4D00436387 /* cueApp.swift in Sources */ = {isa = PBXBuildFile; fileRef = 34F3DA2528390C4D00436387 /* cueApp.swift */; };
		34F3DA2828390C4D00436387 /* ContentView.swift in Sources */ = {isa = PBXBuildFile; fileRef = 34F3DA2728390C4D00436387 /* ContentView.swift */; };
		34F3DA2A28390C4E00436387 /* Assets.xcassets in Resources */ = {isa = PBXBuildFile; fileRef = 34F3DA2928390C4E00436387 /* Assets.xcassets */; };
		34F3DA2D28390C4E00436387 /* Preview Assets.xcassets in Resources */ = {isa = PBXBuildFile; fileRef = 34F3DA2C28390C4E00436387 /* Preview Assets.xcassets */; };
		34F3DA3828390C4E00436387 /* cueTests.swift in Sources */ = {isa = PBXBuildFile; fileRef = 34F3DA3728390C4E00436387 /* cueTests.swift */; };
		34F3DA4228390C4E00436387 /* cueUITests.swift in Sources */ = {isa = PBXBuildFile; fileRef = 34F3DA4128390C4E00436387 /* cueUITests.swift */; };
		34F3DA4428390C4E00436387 /* cueUITestsLaunchTests.swift in Sources */ = {isa = PBXBuildFile; fileRef = 34F3DA4328390C4E00436387 /* cueUITestsLaunchTests.swift */; };
		7E5FFFE6ED27433B540DC09A /* Pods_cue_cueUITests.framework in Frameworks */ = {isa = PBXBuildFile; fileRef = A7694CA673746C34AA902961 /* Pods_cue_cueUITests.framework */; };
		B8C366B2FD358BCCCCA57545 /* Pods_cueTests.framework in Frameworks */ = {isa = PBXBuildFile; fileRef = 147F11E3EBF65B5568FEE2F7 /* Pods_cueTests.framework */; };
		EB118E29F39D02FC673E40D8 /* Pods_cue.framework in Frameworks */ = {isa = PBXBuildFile; fileRef = AEB3F55D682CF7A3C592E0A2 /* Pods_cue.framework */; };
/* End PBXBuildFile section */

/* Begin PBXContainerItemProxy section */
		34F3DA3428390C4E00436387 /* PBXContainerItemProxy */ = {
			isa = PBXContainerItemProxy;
			containerPortal = 34F3DA1A28390C4D00436387 /* Project object */;
			proxyType = 1;
			remoteGlobalIDString = 34F3DA2128390C4D00436387;
			remoteInfo = cue;
		};
		34F3DA3E28390C4E00436387 /* PBXContainerItemProxy */ = {
			isa = PBXContainerItemProxy;
			containerPortal = 34F3DA1A28390C4D00436387 /* Project object */;
			proxyType = 1;
			remoteGlobalIDString = 34F3DA2128390C4D00436387;
			remoteInfo = cue;
		};
/* End PBXContainerItemProxy section */

/* Begin PBXFileReference section */
		147F11E3EBF65B5568FEE2F7 /* Pods_cueTests.framework */ = {isa = PBXFileReference; explicitFileType = wrapper.framework; includeInIndex = 0; path = Pods_cueTests.framework; sourceTree = BUILT_PRODUCTS_DIR; };
		341F3B112839C9BF00F12065 /* CueFunctionPanel.swift */ = {isa = PBXFileReference; lastKnownFileType = sourcecode.swift; path = CueFunctionPanel.swift; sourceTree = "<group>"; };
		341F3B132839E99D00F12065 /* CueSerialPortPara.swift */ = {isa = PBXFileReference; lastKnownFileType = sourcecode.swift; path = CueSerialPortPara.swift; sourceTree = "<group>"; };
		341F3B17283A0C7700F12065 /* CueSerialPortPanel.swift */ = {isa = PBXFileReference; lastKnownFileType = sourcecode.swift; path = CueSerialPortPanel.swift; sourceTree = "<group>"; };
		341F3B1B283A28DD00F12065 /* IOParaSettingPanel.swift */ = {isa = PBXFileReference; lastKnownFileType = sourcecode.swift; path = IOParaSettingPanel.swift; sourceTree = "<group>"; };
		341F3B1D283A311500F12065 /* SerialPortParaAll.swift */ = {isa = PBXFileReference; lastKnownFileType = sourcecode.swift; path = SerialPortParaAll.swift; sourceTree = "<group>"; };
		341F3B21283A44BA00F12065 /* LogCollectPanel.swift */ = {isa = PBXFileReference; lastKnownFileType = sourcecode.swift; path = LogCollectPanel.swift; sourceTree = "<group>"; };
		34BAD664284261DB00C59DE7 /* PortParaViewModel.swift */ = {isa = PBXFileReference; lastKnownFileType = sourcecode.swift; path = PortParaViewModel.swift; sourceTree = "<group>"; };
		34BAD6662842E25C00C59DE7 /* BaudRateEnum.swift */ = {isa = PBXFileReference; lastKnownFileType = sourcecode.swift; path = BaudRateEnum.swift; sourceTree = "<group>"; };
		34BCCED22841AB3A00A96DDB /* CueSerialPort.swift */ = {isa = PBXFileReference; lastKnownFileType = sourcecode.swift; path = CueSerialPort.swift; sourceTree = "<group>"; };
		34BCCED42841ABFF00A96DDB /* CuePortConstants.swift */ = {isa = PBXFileReference; lastKnownFileType = sourcecode.swift; path = CuePortConstants.swift; sourceTree = "<group>"; };
		34BCCED62841AEC800A96DDB /* ReceiveSendFormat.swift */ = {isa = PBXFileReference; lastKnownFileType = sourcecode.swift; path = ReceiveSendFormat.swift; sourceTree = "<group>"; };
		34BCCED82841ED0700A96DDB /* CuePortPara.swift */ = {isa = PBXFileReference; lastKnownFileType = sourcecode.swift; path = CuePortPara.swift; sourceTree = "<group>"; };
		34BCCEDA2841EDEB00A96DDB /* CueUtil.swift */ = {isa = PBXFileReference; lastKnownFileType = sourcecode.swift; path = CueUtil.swift; sourceTree = "<group>"; };
		34F3DA2228390C4D00436387 /* cue.app */ = {isa = PBXFileReference; explicitFileType = wrapper.application; includeInIndex = 0; path = cue.app; sourceTree = BUILT_PRODUCTS_DIR; };
		34F3DA2528390C4D00436387 /* cueApp.swift */ = {isa = PBXFileReference; lastKnownFileType = sourcecode.swift; path = cueApp.swift; sourceTree = "<group>"; };
		34F3DA2728390C4D00436387 /* ContentView.swift */ = {isa = PBXFileReference; lastKnownFileType = sourcecode.swift; path = ContentView.swift; sourceTree = "<group>"; };
		34F3DA2928390C4E00436387 /* Assets.xcassets */ = {isa = PBXFileReference; lastKnownFileType = folder.assetcatalog; path = Assets.xcassets; sourceTree = "<group>"; };
		34F3DA2C28390C4E00436387 /* Preview Assets.xcassets */ = {isa = PBXFileReference; lastKnownFileType = folder.assetcatalog; path = "Preview Assets.xcassets"; sourceTree = "<group>"; };
		34F3DA2E28390C4E00436387 /* cue.entitlements */ = {isa = PBXFileReference; lastKnownFileType = text.plist.entitlements; path = cue.entitlements; sourceTree = "<group>"; };
		34F3DA3328390C4E00436387 /* cueTests.xctest */ = {isa = PBXFileReference; explicitFileType = wrapper.cfbundle; includeInIndex = 0; path = cueTests.xctest; sourceTree = BUILT_PRODUCTS_DIR; };
		34F3DA3728390C4E00436387 /* cueTests.swift */ = {isa = PBXFileReference; lastKnownFileType = sourcecode.swift; path = cueTests.swift; sourceTree = "<group>"; };
		34F3DA3D28390C4E00436387 /* cueUITests.xctest */ = {isa = PBXFileReference; explicitFileType = wrapper.cfbundle; includeInIndex = 0; path = cueUITests.xctest; sourceTree = BUILT_PRODUCTS_DIR; };
		34F3DA4128390C4E00436387 /* cueUITests.swift */ = {isa = PBXFileReference; lastKnownFileType = sourcecode.swift; path = cueUITests.swift; sourceTree = "<group>"; };
		34F3DA4328390C4E00436387 /* cueUITestsLaunchTests.swift */ = {isa = PBXFileReference; lastKnownFileType = sourcecode.swift; path = cueUITestsLaunchTests.swift; sourceTree = "<group>"; };
		37DB73540384458C75430FB6 /* Pods-cue-cueUITests.debug.xcconfig */ = {isa = PBXFileReference; includeInIndex = 1; lastKnownFileType = text.xcconfig; name = "Pods-cue-cueUITests.debug.xcconfig"; path = "Target Support Files/Pods-cue-cueUITests/Pods-cue-cueUITests.debug.xcconfig"; sourceTree = "<group>"; };
		3B78EF8606377AC5053D735E /* Pods-cue.debug.xcconfig */ = {isa = PBXFileReference; includeInIndex = 1; lastKnownFileType = text.xcconfig; name = "Pods-cue.debug.xcconfig"; path = "Target Support Files/Pods-cue/Pods-cue.debug.xcconfig"; sourceTree = "<group>"; };
		91CBFA57690B023C76DA22B4 /* Pods-cue.release.xcconfig */ = {isa = PBXFileReference; includeInIndex = 1; lastKnownFileType = text.xcconfig; name = "Pods-cue.release.xcconfig"; path = "Target Support Files/Pods-cue/Pods-cue.release.xcconfig"; sourceTree = "<group>"; };
		A7694CA673746C34AA902961 /* Pods_cue_cueUITests.framework */ = {isa = PBXFileReference; explicitFileType = wrapper.framework; includeInIndex = 0; path = Pods_cue_cueUITests.framework; sourceTree = BUILT_PRODUCTS_DIR; };
		AEB3F55D682CF7A3C592E0A2 /* Pods_cue.framework */ = {isa = PBXFileReference; explicitFileType = wrapper.framework; includeInIndex = 0; path = Pods_cue.framework; sourceTree = BUILT_PRODUCTS_DIR; };
		C60A7EB5C2F60DDF43E11D4F /* Pods-cue-cueUITests.release.xcconfig */ = {isa = PBXFileReference; includeInIndex = 1; lastKnownFileType = text.xcconfig; name = "Pods-cue-cueUITests.release.xcconfig"; path = "Target Support Files/Pods-cue-cueUITests/Pods-cue-cueUITests.release.xcconfig"; sourceTree = "<group>"; };
		CA4B00F54437C70BE4AE8F7C /* Pods-cueTests.debug.xcconfig */ = {isa = PBXFileReference; includeInIndex = 1; lastKnownFileType = text.xcconfig; name = "Pods-cueTests.debug.xcconfig"; path = "Target Support Files/Pods-cueTests/Pods-cueTests.debug.xcconfig"; sourceTree = "<group>"; };
		D1E3F739B942DD3EEDFBC7E0 /* Pods-cueTests.release.xcconfig */ = {isa = PBXFileReference; includeInIndex = 1; lastKnownFileType = text.xcconfig; name = "Pods-cueTests.release.xcconfig"; path = "Target Support Files/Pods-cueTests/Pods-cueTests.release.xcconfig"; sourceTree = "<group>"; };
/* End PBXFileReference section */

/* Begin PBXFrameworksBuildPhase section */
		34F3DA1F28390C4D00436387 /* Frameworks */ = {
			isa = PBXFrameworksBuildPhase;
			buildActionMask = 2147483647;
			files = (
				EB118E29F39D02FC673E40D8 /* Pods_cue.framework in Frameworks */,
				34222A9828442DB100D16A74 /* ORSSerial in Frameworks */,
			);
			runOnlyForDeploymentPostprocessing = 0;
		};
		34F3DA3028390C4E00436387 /* Frameworks */ = {
			isa = PBXFrameworksBuildPhase;
			buildActionMask = 2147483647;
			files = (
				B8C366B2FD358BCCCCA57545 /* Pods_cueTests.framework in Frameworks */,
			);
			runOnlyForDeploymentPostprocessing = 0;
		};
		34F3DA3A28390C4E00436387 /* Frameworks */ = {
			isa = PBXFrameworksBuildPhase;
			buildActionMask = 2147483647;
			files = (
				7E5FFFE6ED27433B540DC09A /* Pods_cue_cueUITests.framework in Frameworks */,
			);
			runOnlyForDeploymentPostprocessing = 0;
		};
/* End PBXFrameworksBuildPhase section */

/* Begin PBXGroup section */
		12F0DF6C56F621E98C3F87AE /* Pods */ = {
			isa = PBXGroup;
			children = (
				3B78EF8606377AC5053D735E /* Pods-cue.debug.xcconfig */,
				91CBFA57690B023C76DA22B4 /* Pods-cue.release.xcconfig */,
				37DB73540384458C75430FB6 /* Pods-cue-cueUITests.debug.xcconfig */,
				C60A7EB5C2F60DDF43E11D4F /* Pods-cue-cueUITests.release.xcconfig */,
				CA4B00F54437C70BE4AE8F7C /* Pods-cueTests.debug.xcconfig */,
				D1E3F739B942DD3EEDFBC7E0 /* Pods-cueTests.release.xcconfig */,
			);
			path = Pods;
			sourceTree = "<group>";
		};
		341F3B1F283A313100F12065 /* serialportpara */ = {
			isa = PBXGroup;
			children = (
				341F3B112839C9BF00F12065 /* CueFunctionPanel.swift */,
				341F3B132839E99D00F12065 /* CueSerialPortPara.swift */,
				341F3B17283A0C7700F12065 /* CueSerialPortPanel.swift */,
				341F3B1B283A28DD00F12065 /* IOParaSettingPanel.swift */,
				341F3B1D283A311500F12065 /* SerialPortParaAll.swift */,
				34BAD664284261DB00C59DE7 /* PortParaViewModel.swift */,
				34BAD6662842E25C00C59DE7 /* BaudRateEnum.swift */,
			);
			path = serialportpara;
			sourceTree = "<group>";
		};
		341F3B20283A449300F12065 /* logcollect */ = {
			isa = PBXGroup;
			children = (
				341F3B21283A44BA00F12065 /* LogCollectPanel.swift */,
			);
			path = logcollect;
			sourceTree = "<group>";
		};
		34BCCED12841A9E200A96DDB /* model */ = {
			isa = PBXGroup;
			children = (
				34BCCED22841AB3A00A96DDB /* CueSerialPort.swift */,
				34BCCED42841ABFF00A96DDB /* CuePortConstants.swift */,
				34BCCED62841AEC800A96DDB /* ReceiveSendFormat.swift */,
				34BCCED82841ED0700A96DDB /* CuePortPara.swift */,
			);
			path = model;
			sourceTree = "<group>";
		};
		34F3DA1928390C4D00436387 = {
			isa = PBXGroup;
			children = (
				34F3DA2428390C4D00436387 /* cue */,
				34F3DA3628390C4E00436387 /* cueTests */,
				34F3DA4028390C4E00436387 /* cueUITests */,
				34F3DA2328390C4D00436387 /* Products */,
				12F0DF6C56F621E98C3F87AE /* Pods */,
				AA3B44E15B14943CC918E9D7 /* Frameworks */,
			);
			sourceTree = "<group>";
		};
		34F3DA2328390C4D00436387 /* Products */ = {
			isa = PBXGroup;
			children = (
				34F3DA2228390C4D00436387 /* cue.app */,
				34F3DA3328390C4E00436387 /* cueTests.xctest */,
				34F3DA3D28390C4E00436387 /* cueUITests.xctest */,
			);
			name = Products;
			sourceTree = "<group>";
		};
		34F3DA2428390C4D00436387 /* cue */ = {
			isa = PBXGroup;
			children = (
				34BCCED12841A9E200A96DDB /* model */,
				341F3B20283A449300F12065 /* logcollect */,
				341F3B1F283A313100F12065 /* serialportpara */,
				34F3DA2528390C4D00436387 /* cueApp.swift */,
				34F3DA2728390C4D00436387 /* ContentView.swift */,
				34F3DA2928390C4E00436387 /* Assets.xcassets */,
				34F3DA2E28390C4E00436387 /* cue.entitlements */,
				34F3DA2B28390C4E00436387 /* Preview Content */,
				34BCCEDA2841EDEB00A96DDB /* CueUtil.swift */,
			);
			path = cue;
			sourceTree = "<group>";
		};
		34F3DA2B28390C4E00436387 /* Preview Content */ = {
			isa = PBXGroup;
			children = (
				34F3DA2C28390C4E00436387 /* Preview Assets.xcassets */,
			);
			path = "Preview Content";
			sourceTree = "<group>";
		};
		34F3DA3628390C4E00436387 /* cueTests */ = {
			isa = PBXGroup;
			children = (
				34F3DA3728390C4E00436387 /* cueTests.swift */,
			);
			path = cueTests;
			sourceTree = "<group>";
		};
		34F3DA4028390C4E00436387 /* cueUITests */ = {
			isa = PBXGroup;
			children = (
				34F3DA4128390C4E00436387 /* cueUITests.swift */,
				34F3DA4328390C4E00436387 /* cueUITestsLaunchTests.swift */,
			);
			path = cueUITests;
			sourceTree = "<group>";
		};
		AA3B44E15B14943CC918E9D7 /* Frameworks */ = {
			isa = PBXGroup;
			children = (
				AEB3F55D682CF7A3C592E0A2 /* Pods_cue.framework */,
				A7694CA673746C34AA902961 /* Pods_cue_cueUITests.framework */,
				147F11E3EBF65B5568FEE2F7 /* Pods_cueTests.framework */,
			);
			name = Frameworks;
			sourceTree = "<group>";
		};
/* End PBXGroup section */

/* Begin PBXNativeTarget section */
		34F3DA2128390C4D00436387 /* cue */ = {
			isa = PBXNativeTarget;
			buildConfigurationList = 34F3DA4728390C4E00436387 /* Build configuration list for PBXNativeTarget "cue" */;
			buildPhases = (
				FC5F65A004085ABBA29DF9EC /* [CP] Check Pods Manifest.lock */,
				34F3DA1E28390C4D00436387 /* Sources */,
				34F3DA1F28390C4D00436387 /* Frameworks */,
				34F3DA2028390C4D00436387 /* Resources */,
				FF5EAF021926CE9082AD52A2 /* [CP] Embed Pods Frameworks */,
			);
			buildRules = (
			);
			dependencies = (
			);
			name = cue;
			packageProductDependencies = (
				34222A9728442DB100D16A74 /* ORSSerial */,
			);
			productName = cue;
			productReference = 34F3DA2228390C4D00436387 /* cue.app */;
			productType = "com.apple.product-type.application";
		};
		34F3DA3228390C4E00436387 /* cueTests */ = {
			isa = PBXNativeTarget;
			buildConfigurationList = 34F3DA4A28390C4E00436387 /* Build configuration list for PBXNativeTarget "cueTests" */;
			buildPhases = (
				7841D7AB38D7CDD5F1BC7637 /* [CP] Check Pods Manifest.lock */,
				34F3DA2F28390C4E00436387 /* Sources */,
				34F3DA3028390C4E00436387 /* Frameworks */,
				34F3DA3128390C4E00436387 /* Resources */,
			);
			buildRules = (
			);
			dependencies = (
				34F3DA3528390C4E00436387 /* PBXTargetDependency */,
			);
			name = cueTests;
			productName = cueTests;
			productReference = 34F3DA3328390C4E00436387 /* cueTests.xctest */;
			productType = "com.apple.product-type.bundle.unit-test";
		};
		34F3DA3C28390C4E00436387 /* cueUITests */ = {
			isa = PBXNativeTarget;
			buildConfigurationList = 34F3DA4D28390C4E00436387 /* Build configuration list for PBXNativeTarget "cueUITests" */;
			buildPhases = (
				54D24344B7ACDFB3B789FD3B /* [CP] Check Pods Manifest.lock */,
				34F3DA3928390C4E00436387 /* Sources */,
				34F3DA3A28390C4E00436387 /* Frameworks */,
				34F3DA3B28390C4E00436387 /* Resources */,
				311733CAC0E4EB86BE877322 /* [CP] Embed Pods Frameworks */,
			);
			buildRules = (
			);
			dependencies = (
				34F3DA3F28390C4E00436387 /* PBXTargetDependency */,
			);
			name = cueUITests;
			productName = cueUITests;
			productReference = 34F3DA3D28390C4E00436387 /* cueUITests.xctest */;
			productType = "com.apple.product-type.bundle.ui-testing";
		};
/* End PBXNativeTarget section */

/* Begin PBXProject section */
		34F3DA1A28390C4D00436387 /* Project object */ = {
			isa = PBXProject;
			attributes = {
				BuildIndependentTargetsInParallel = 1;
				LastSwiftUpdateCheck = 1340;
				LastUpgradeCheck = 1340;
				TargetAttributes = {
					34F3DA2128390C4D00436387 = {
						CreatedOnToolsVersion = 13.4;
					};
					34F3DA3228390C4E00436387 = {
						CreatedOnToolsVersion = 13.4;
						TestTargetID = 34F3DA2128390C4D00436387;
					};
					34F3DA3C28390C4E00436387 = {
						CreatedOnToolsVersion = 13.4;
						TestTargetID = 34F3DA2128390C4D00436387;
					};
				};
			};
			buildConfigurationList = 34F3DA1D28390C4D00436387 /* Build configuration list for PBXProject "cue" */;
			compatibilityVersion = "Xcode 13.0";
			developmentRegion = en;
			hasScannedForEncodings = 0;
			knownRegions = (
				en,
				Base,
			);
			mainGroup = 34F3DA1928390C4D00436387;
			packageReferences = (
				34222A9628442DB100D16A74 /* XCRemoteSwiftPackageReference "ORSSerialPort" */,
			);
			productRefGroup = 34F3DA2328390C4D00436387 /* Products */;
			projectDirPath = "";
			projectRoot = "";
			targets = (
				34F3DA2128390C4D00436387 /* cue */,
				34F3DA3228390C4E00436387 /* cueTests */,
				34F3DA3C28390C4E00436387 /* cueUITests */,
			);
		};
/* End PBXProject section */

/* Begin PBXResourcesBuildPhase section */
		34F3DA2028390C4D00436387 /* Resources */ = {
			isa = PBXResourcesBuildPhase;
			buildActionMask = 2147483647;
			files = (
				34F3DA2D28390C4E00436387 /* Preview Assets.xcassets in Resources */,
				34F3DA2A28390C4E00436387 /* Assets.xcassets in Resources */,
			);
			runOnlyForDeploymentPostprocessing = 0;
		};
		34F3DA3128390C4E00436387 /* Resources */ = {
			isa = PBXResourcesBuildPhase;
			buildActionMask = 2147483647;
			files = (
			);
			runOnlyForDeploymentPostprocessing = 0;
		};
		34F3DA3B28390C4E00436387 /* Resources */ = {
			isa = PBXResourcesBuildPhase;
			buildActionMask = 2147483647;
			files = (
			);
			runOnlyForDeploymentPostprocessing = 0;
		};
/* End PBXResourcesBuildPhase section */

/* Begin PBXShellScriptBuildPhase section */
		311733CAC0E4EB86BE877322 /* [CP] Embed Pods Frameworks */ = {
			isa = PBXShellScriptBuildPhase;
			buildActionMask = 2147483647;
			files = (
			);
			inputFileListPaths = (
				"${PODS_ROOT}/Target Support Files/Pods-cue-cueUITests/Pods-cue-cueUITests-frameworks-${CONFIGURATION}-input-files.xcfilelist",
			);
			name = "[CP] Embed Pods Frameworks";
			outputFileListPaths = (
				"${PODS_ROOT}/Target Support Files/Pods-cue-cueUITests/Pods-cue-cueUITests-frameworks-${CONFIGURATION}-output-files.xcfilelist",
			);
			runOnlyForDeploymentPostprocessing = 0;
			shellPath = /bin/sh;
			shellScript = "\"${PODS_ROOT}/Target Support Files/Pods-cue-cueUITests/Pods-cue-cueUITests-frameworks.sh\"\n";
			showEnvVarsInLog = 0;
		};
		54D24344B7ACDFB3B789FD3B /* [CP] Check Pods Manifest.lock */ = {
			isa = PBXShellScriptBuildPhase;
			buildActionMask = 2147483647;
			files = (
			);
			inputFileListPaths = (
			);
			inputPaths = (
				"${PODS_PODFILE_DIR_PATH}/Podfile.lock",
				"${PODS_ROOT}/Manifest.lock",
			);
			name = "[CP] Check Pods Manifest.lock";
			outputFileListPaths = (
			);
			outputPaths = (
				"$(DERIVED_FILE_DIR)/Pods-cue-cueUITests-checkManifestLockResult.txt",
			);
			runOnlyForDeploymentPostprocessing = 0;
			shellPath = /bin/sh;
			shellScript = "diff \"${PODS_PODFILE_DIR_PATH}/Podfile.lock\" \"${PODS_ROOT}/Manifest.lock\" > /dev/null\nif [ $? != 0 ] ; then\n    # print error to STDERR\n    echo \"error: The sandbox is not in sync with the Podfile.lock. Run 'pod install' or update your CocoaPods installation.\" >&2\n    exit 1\nfi\n# This output is used by Xcode 'outputs' to avoid re-running this script phase.\necho \"SUCCESS\" > \"${SCRIPT_OUTPUT_FILE_0}\"\n";
			showEnvVarsInLog = 0;
		};
		7841D7AB38D7CDD5F1BC7637 /* [CP] Check Pods Manifest.lock */ = {
			isa = PBXShellScriptBuildPhase;
			buildActionMask = 2147483647;
			files = (
			);
			inputFileListPaths = (
			);
			inputPaths = (
				"${PODS_PODFILE_DIR_PATH}/Podfile.lock",
				"${PODS_ROOT}/Manifest.lock",
			);
			name = "[CP] Check Pods Manifest.lock";
			outputFileListPaths = (
			);
			outputPaths = (
				"$(DERIVED_FILE_DIR)/Pods-cueTests-checkManifestLockResult.txt",
			);
			runOnlyForDeploymentPostprocessing = 0;
			shellPath = /bin/sh;
			shellScript = "diff \"${PODS_PODFILE_DIR_PATH}/Podfile.lock\" \"${PODS_ROOT}/Manifest.lock\" > /dev/null\nif [ $? != 0 ] ; then\n    # print error to STDERR\n    echo \"error: The sandbox is not in sync with the Podfile.lock. Run 'pod install' or update your CocoaPods installation.\" >&2\n    exit 1\nfi\n# This output is used by Xcode 'outputs' to avoid re-running this script phase.\necho \"SUCCESS\" > \"${SCRIPT_OUTPUT_FILE_0}\"\n";
			showEnvVarsInLog = 0;
		};
		FC5F65A004085ABBA29DF9EC /* [CP] Check Pods Manifest.lock */ = {
			isa = PBXShellScriptBuildPhase;
			buildActionMask = 2147483647;
			files = (
			);
			inputFileListPaths = (
			);
			inputPaths = (
				"${PODS_PODFILE_DIR_PATH}/Podfile.lock",
				"${PODS_ROOT}/Manifest.lock",
			);
			name = "[CP] Check Pods Manifest.lock";
			outputFileListPaths = (
			);
			outputPaths = (
				"$(DERIVED_FILE_DIR)/Pods-cue-checkManifestLockResult.txt",
			);
			runOnlyForDeploymentPostprocessing = 0;
			shellPath = /bin/sh;
			shellScript = "diff \"${PODS_PODFILE_DIR_PATH}/Podfile.lock\" \"${PODS_ROOT}/Manifest.lock\" > /dev/null\nif [ $? != 0 ] ; then\n    # print error to STDERR\n    echo \"error: The sandbox is not in sync with the Podfile.lock. Run 'pod install' or update your CocoaPods installation.\" >&2\n    exit 1\nfi\n# This output is used by Xcode 'outputs' to avoid re-running this script phase.\necho \"SUCCESS\" > \"${SCRIPT_OUTPUT_FILE_0}\"\n";
			showEnvVarsInLog = 0;
		};
		FF5EAF021926CE9082AD52A2 /* [CP] Embed Pods Frameworks */ = {
			isa = PBXShellScriptBuildPhase;
			buildActionMask = 2147483647;
			files = (
			);
			inputFileListPaths = (
				"${PODS_ROOT}/Target Support Files/Pods-cue/Pods-cue-frameworks-${CONFIGURATION}-input-files.xcfilelist",
			);
			name = "[CP] Embed Pods Frameworks";
			outputFileListPaths = (
				"${PODS_ROOT}/Target Support Files/Pods-cue/Pods-cue-frameworks-${CONFIGURATION}-output-files.xcfilelist",
			);
			runOnlyForDeploymentPostprocessing = 0;
			shellPath = /bin/sh;
			shellScript = "\"${PODS_ROOT}/Target Support Files/Pods-cue/Pods-cue-frameworks.sh\"\n";
			showEnvVarsInLog = 0;
		};
/* End PBXShellScriptBuildPhase section */

/* Begin PBXSourcesBuildPhase section */
		34F3DA1E28390C4D00436387 /* Sources */ = {
			isa = PBXSourcesBuildPhase;
			buildActionMask = 2147483647;
			files = (
				341F3B22283A44BA00F12065 /* LogCollectPanel.swift in Sources */,
				34BAD665284261DB00C59DE7 /* PortParaViewModel.swift in Sources */,
				34BCCED52841ABFF00A96DDB /* CuePortConstants.swift in Sources */,
				34BAD6672842E25C00C59DE7 /* BaudRateEnum.swift in Sources */,
				341F3B142839E99D00F12065 /* CueSerialPortPara.swift in Sources */,
				341F3B122839C9BF00F12065 /* CueFunctionPanel.swift in Sources */,
				34F3DA2828390C4D00436387 /* ContentView.swift in Sources */,
				34BCCEDB2841EDEB00A96DDB /* CueUtil.swift in Sources */,
				341F3B1E283A311500F12065 /* SerialPortParaAll.swift in Sources */,
				34BCCED72841AEC800A96DDB /* ReceiveSendFormat.swift in Sources */,
				34BCCED32841AB3A00A96DDB /* CueSerialPort.swift in Sources */,
				341F3B1C283A28DD00F12065 /* IOParaSettingPanel.swift in Sources */,
				34F3DA2628390C4D00436387 /* cueApp.swift in Sources */,
				34BCCED92841ED0700A96DDB /* CuePortPara.swift in Sources */,
				341F3B18283A0C7700F12065 /* CueSerialPortPanel.swift in Sources */,
			);
			runOnlyForDeploymentPostprocessing = 0;
		};
		34F3DA2F28390C4E00436387 /* Sources */ = {
			isa = PBXSourcesBuildPhase;
			buildActionMask = 2147483647;
			files = (
				34F3DA3828390C4E00436387 /* cueTests.swift in Sources */,
			);
			runOnlyForDeploymentPostprocessing = 0;
		};
		34F3DA3928390C4E00436387 /* Sources */ = {
			isa = PBXSourcesBuildPhase;
			buildActionMask = 2147483647;
			files = (
				34F3DA4428390C4E00436387 /* cueUITestsLaunchTests.swift in Sources */,
				34F3DA4228390C4E00436387 /* cueUITests.swift in Sources */,
			);
			runOnlyForDeploymentPostprocessing = 0;
		};
/* End PBXSourcesBuildPhase section */

/* Begin PBXTargetDependency section */
		34F3DA3528390C4E00436387 /* PBXTargetDependency */ = {
			isa = PBXTargetDependency;
			target = 34F3DA2128390C4D00436387 /* cue */;
			targetProxy = 34F3DA3428390C4E00436387 /* PBXContainerItemProxy */;
		};
		34F3DA3F28390C4E00436387 /* PBXTargetDependency */ = {
			isa = PBXTargetDependency;
			target = 34F3DA2128390C4D00436387 /* cue */;
			targetProxy = 34F3DA3E28390C4E00436387 /* PBXContainerItemProxy */;
		};
/* End PBXTargetDependency section */

/* Begin XCBuildConfiguration section */
		34F3DA4528390C4E00436387 /* Debug */ = {
			isa = XCBuildConfiguration;
			buildSettings = {
				ALWAYS_SEARCH_USER_PATHS = NO;
				CLANG_ANALYZER_NONNULL = YES;
				CLANG_ANALYZER_NUMBER_OBJECT_CONVERSION = YES_AGGRESSIVE;
				CLANG_CXX_LANGUAGE_STANDARD = "gnu++17";
				CLANG_ENABLE_MODULES = YES;
				CLANG_ENABLE_OBJC_ARC = YES;
				CLANG_ENABLE_OBJC_WEAK = YES;
				CLANG_WARN_BLOCK_CAPTURE_AUTORELEASING = YES;
				CLANG_WARN_BOOL_CONVERSION = YES;
				CLANG_WARN_COMMA = YES;
				CLANG_WARN_CONSTANT_CONVERSION = YES;
				CLANG_WARN_DEPRECATED_OBJC_IMPLEMENTATIONS = YES;
				CLANG_WARN_DIRECT_OBJC_ISA_USAGE = YES_ERROR;
				CLANG_WARN_DOCUMENTATION_COMMENTS = YES;
				CLANG_WARN_EMPTY_BODY = YES;
				CLANG_WARN_ENUM_CONVERSION = YES;
				CLANG_WARN_INFINITE_RECURSION = YES;
				CLANG_WARN_INT_CONVERSION = YES;
				CLANG_WARN_NON_LITERAL_NULL_CONVERSION = YES;
				CLANG_WARN_OBJC_IMPLICIT_RETAIN_SELF = YES;
				CLANG_WARN_OBJC_LITERAL_CONVERSION = YES;
				CLANG_WARN_OBJC_ROOT_CLASS = YES_ERROR;
				CLANG_WARN_QUOTED_INCLUDE_IN_FRAMEWORK_HEADER = YES;
				CLANG_WARN_RANGE_LOOP_ANALYSIS = YES;
				CLANG_WARN_STRICT_PROTOTYPES = YES;
				CLANG_WARN_SUSPICIOUS_MOVE = YES;
				CLANG_WARN_UNGUARDED_AVAILABILITY = YES_AGGRESSIVE;
				CLANG_WARN_UNREACHABLE_CODE = YES;
				CLANG_WARN__DUPLICATE_METHOD_MATCH = YES;
				COPY_PHASE_STRIP = NO;
				DEBUG_INFORMATION_FORMAT = dwarf;
				ENABLE_STRICT_OBJC_MSGSEND = YES;
				ENABLE_TESTABILITY = YES;
				GCC_C_LANGUAGE_STANDARD = gnu11;
				GCC_DYNAMIC_NO_PIC = NO;
				GCC_NO_COMMON_BLOCKS = YES;
				GCC_OPTIMIZATION_LEVEL = 0;
				GCC_PREPROCESSOR_DEFINITIONS = (
					"DEBUG=1",
					"$(inherited)",
				);
				GCC_WARN_64_TO_32_BIT_CONVERSION = YES;
				GCC_WARN_ABOUT_RETURN_TYPE = YES_ERROR;
				GCC_WARN_UNDECLARED_SELECTOR = YES;
				GCC_WARN_UNINITIALIZED_AUTOS = YES_AGGRESSIVE;
				GCC_WARN_UNUSED_FUNCTION = YES;
				GCC_WARN_UNUSED_VARIABLE = YES;
				MACOSX_DEPLOYMENT_TARGET = 12.3;
				MTL_ENABLE_DEBUG_INFO = INCLUDE_SOURCE;
				MTL_FAST_MATH = YES;
				ONLY_ACTIVE_ARCH = YES;
				SDKROOT = macosx;
				SWIFT_ACTIVE_COMPILATION_CONDITIONS = DEBUG;
				SWIFT_OPTIMIZATION_LEVEL = "-Onone";
			};
			name = Debug;
		};
		34F3DA4628390C4E00436387 /* Release */ = {
			isa = XCBuildConfiguration;
			buildSettings = {
				ALWAYS_SEARCH_USER_PATHS = NO;
				CLANG_ANALYZER_NONNULL = YES;
				CLANG_ANALYZER_NUMBER_OBJECT_CONVERSION = YES_AGGRESSIVE;
				CLANG_CXX_LANGUAGE_STANDARD = "gnu++17";
				CLANG_ENABLE_MODULES = YES;
				CLANG_ENABLE_OBJC_ARC = YES;
				CLANG_ENABLE_OBJC_WEAK = YES;
				CLANG_WARN_BLOCK_CAPTURE_AUTORELEASING = YES;
				CLANG_WARN_BOOL_CONVERSION = YES;
				CLANG_WARN_COMMA = YES;
				CLANG_WARN_CONSTANT_CONVERSION = YES;
				CLANG_WARN_DEPRECATED_OBJC_IMPLEMENTATIONS = YES;
				CLANG_WARN_DIRECT_OBJC_ISA_USAGE = YES_ERROR;
				CLANG_WARN_DOCUMENTATION_COMMENTS = YES;
				CLANG_WARN_EMPTY_BODY = YES;
				CLANG_WARN_ENUM_CONVERSION = YES;
				CLANG_WARN_INFINITE_RECURSION = YES;
				CLANG_WARN_INT_CONVERSION = YES;
				CLANG_WARN_NON_LITERAL_NULL_CONVERSION = YES;
				CLANG_WARN_OBJC_IMPLICIT_RETAIN_SELF = YES;
				CLANG_WARN_OBJC_LITERAL_CONVERSION = YES;
				CLANG_WARN_OBJC_ROOT_CLASS = YES_ERROR;
				CLANG_WARN_QUOTED_INCLUDE_IN_FRAMEWORK_HEADER = YES;
				CLANG_WARN_RANGE_LOOP_ANALYSIS = YES;
				CLANG_WARN_STRICT_PROTOTYPES = YES;
				CLANG_WARN_SUSPICIOUS_MOVE = YES;
				CLANG_WARN_UNGUARDED_AVAILABILITY = YES_AGGRESSIVE;
				CLANG_WARN_UNREACHABLE_CODE = YES;
				CLANG_WARN__DUPLICATE_METHOD_MATCH = YES;
				COPY_PHASE_STRIP = NO;
				DEBUG_INFORMATION_FORMAT = "dwarf-with-dsym";
				ENABLE_NS_ASSERTIONS = NO;
				ENABLE_STRICT_OBJC_MSGSEND = YES;
				GCC_C_LANGUAGE_STANDARD = gnu11;
				GCC_NO_COMMON_BLOCKS = YES;
				GCC_WARN_64_TO_32_BIT_CONVERSION = YES;
				GCC_WARN_ABOUT_RETURN_TYPE = YES_ERROR;
				GCC_WARN_UNDECLARED_SELECTOR = YES;
				GCC_WARN_UNINITIALIZED_AUTOS = YES_AGGRESSIVE;
				GCC_WARN_UNUSED_FUNCTION = YES;
				GCC_WARN_UNUSED_VARIABLE = YES;
				MACOSX_DEPLOYMENT_TARGET = 12.3;
				MTL_ENABLE_DEBUG_INFO = NO;
				MTL_FAST_MATH = YES;
				SDKROOT = macosx;
				SWIFT_COMPILATION_MODE = wholemodule;
				SWIFT_OPTIMIZATION_LEVEL = "-O";
			};
			name = Release;
		};
		34F3DA4828390C4E00436387 /* Debug */ = {
			isa = XCBuildConfiguration;
			baseConfigurationReference = 3B78EF8606377AC5053D735E /* Pods-cue.debug.xcconfig */;
			buildSettings = {
				ASSETCATALOG_COMPILER_APPICON_NAME = AppIcon;
				ASSETCATALOG_COMPILER_GLOBAL_ACCENT_COLOR_NAME = AccentColor;
				CODE_SIGN_ENTITLEMENTS = cue/cue.entitlements;
				CODE_SIGN_IDENTITY = "Apple Development";
				CODE_SIGN_STYLE = Automatic;
				COMBINE_HIDPI_IMAGES = YES;
				CURRENT_PROJECT_VERSION = 1;
				DEVELOPMENT_ASSET_PATHS = "\"cue/Preview Content\"";
				DEVELOPMENT_TEAM = TBX3UXUR8Y;
				ENABLE_HARDENED_RUNTIME = YES;
				ENABLE_PREVIEWS = YES;
				GENERATE_INFOPLIST_FILE = YES;
				INFOPLIST_KEY_NSHumanReadableCopyright = "";
				LD_RUNPATH_SEARCH_PATHS = (
					"$(inherited)",
					"@executable_path/../Frameworks",
				);
				MARKETING_VERSION = 1.0;
				PRODUCT_BUNDLE_IDENTIFIER = me.xuwanjin.cue;
				PRODUCT_NAME = "$(TARGET_NAME)";
				SWIFT_EMIT_LOC_STRINGS = YES;
				SWIFT_VERSION = 5.0;
			};
			name = Debug;
		};
		34F3DA4928390C4E00436387 /* Release */ = {
			isa = XCBuildConfiguration;
			baseConfigurationReference = 91CBFA57690B023C76DA22B4 /* Pods-cue.release.xcconfig */;
			buildSettings = {
				ASSETCATALOG_COMPILER_APPICON_NAME = AppIcon;
				ASSETCATALOG_COMPILER_GLOBAL_ACCENT_COLOR_NAME = AccentColor;
				CODE_SIGN_ENTITLEMENTS = cue/cue.entitlements;
				CODE_SIGN_IDENTITY = "Apple Development";
				CODE_SIGN_STYLE = Automatic;
				COMBINE_HIDPI_IMAGES = YES;
				CURRENT_PROJECT_VERSION = 1;
				DEVELOPMENT_ASSET_PATHS = "\"cue/Preview Content\"";
				DEVELOPMENT_TEAM = TBX3UXUR8Y;
				ENABLE_HARDENED_RUNTIME = YES;
				ENABLE_PREVIEWS = YES;
				GENERATE_INFOPLIST_FILE = YES;
				INFOPLIST_KEY_NSHumanReadableCopyright = "";
				LD_RUNPATH_SEARCH_PATHS = (
					"$(inherited)",
					"@executable_path/../Frameworks",
				);
				MARKETING_VERSION = 1.0;
				PRODUCT_BUNDLE_IDENTIFIER = me.xuwanjin.cue;
				PRODUCT_NAME = "$(TARGET_NAME)";
				SWIFT_EMIT_LOC_STRINGS = YES;
				SWIFT_VERSION = 5.0;
			};
			name = Release;
		};
		34F3DA4B28390C4E00436387 /* Debug */ = {
			isa = XCBuildConfiguration;
			baseConfigurationReference = CA4B00F54437C70BE4AE8F7C /* Pods-cueTests.debug.xcconfig */;
			buildSettings = {
				ALWAYS_EMBED_SWIFT_STANDARD_LIBRARIES = YES;
				BUNDLE_LOADER = "$(TEST_HOST)";
				CODE_SIGN_STYLE = Automatic;
				CURRENT_PROJECT_VERSION = 1;
				DEVELOPMENT_TEAM = TBX3UXUR8Y;
				GENERATE_INFOPLIST_FILE = YES;
				MACOSX_DEPLOYMENT_TARGET = 12.3;
				MARKETING_VERSION = 1.0;
				PRODUCT_BUNDLE_IDENTIFIER = me.xuwanjin.cueTests;
				PRODUCT_NAME = "$(TARGET_NAME)";
				SWIFT_EMIT_LOC_STRINGS = NO;
				SWIFT_VERSION = 5.0;
				TEST_HOST = "$(BUILT_PRODUCTS_DIR)/cue.app/Contents/MacOS/cue";
			};
			name = Debug;
		};
		34F3DA4C28390C4E00436387 /* Release */ = {
			isa = XCBuildConfiguration;
			baseConfigurationReference = D1E3F739B942DD3EEDFBC7E0 /* Pods-cueTests.release.xcconfig */;
			buildSettings = {
				ALWAYS_EMBED_SWIFT_STANDARD_LIBRARIES = YES;
				BUNDLE_LOADER = "$(TEST_HOST)";
				CODE_SIGN_STYLE = Automatic;
				CURRENT_PROJECT_VERSION = 1;
				DEVELOPMENT_TEAM = TBX3UXUR8Y;
				GENERATE_INFOPLIST_FILE = YES;
				MACOSX_DEPLOYMENT_TARGET = 12.3;
				MARKETING_VERSION = 1.0;
				PRODUCT_BUNDLE_IDENTIFIER = me.xuwanjin.cueTests;
				PRODUCT_NAME = "$(TARGET_NAME)";
				SWIFT_EMIT_LOC_STRINGS = NO;
				SWIFT_VERSION = 5.0;
				TEST_HOST = "$(BUILT_PRODUCTS_DIR)/cue.app/Contents/MacOS/cue";
			};
			name = Release;
		};
		34F3DA4E28390C4E00436387 /* Debug */ = {
			isa = XCBuildConfiguration;
			baseConfigurationReference = 37DB73540384458C75430FB6 /* Pods-cue-cueUITests.debug.xcconfig */;
			buildSettings = {
				ALWAYS_EMBED_SWIFT_STANDARD_LIBRARIES = YES;
				CODE_SIGN_STYLE = Automatic;
				CURRENT_PROJECT_VERSION = 1;
				DEVELOPMENT_TEAM = TBX3UXUR8Y;
				GENERATE_INFOPLIST_FILE = YES;
				MARKETING_VERSION = 1.0;
				PRODUCT_BUNDLE_IDENTIFIER = me.xuwanjin.cueUITests;
				PRODUCT_NAME = "$(TARGET_NAME)";
				SWIFT_EMIT_LOC_STRINGS = NO;
				SWIFT_VERSION = 5.0;
				TEST_TARGET_NAME = cue;
			};
			name = Debug;
		};
		34F3DA4F28390C4E00436387 /* Release */ = {
			isa = XCBuildConfiguration;
			baseConfigurationReference = C60A7EB5C2F60DDF43E11D4F /* Pods-cue-cueUITests.release.xcconfig */;
			buildSettings = {
				ALWAYS_EMBED_SWIFT_STANDARD_LIBRARIES = YES;
				CODE_SIGN_STYLE = Automatic;
				CURRENT_PROJECT_VERSION = 1;
				DEVELOPMENT_TEAM = TBX3UXUR8Y;
				GENERATE_INFOPLIST_FILE = YES;
				MARKETING_VERSION = 1.0;
				PRODUCT_BUNDLE_IDENTIFIER = me.xuwanjin.cueUITests;
				PRODUCT_NAME = "$(TARGET_NAME)";
				SWIFT_EMIT_LOC_STRINGS = NO;
				SWIFT_VERSION = 5.0;
				TEST_TARGET_NAME = cue;
			};
			name = Release;
		};
/* End XCBuildConfiguration section */

/* Begin XCConfigurationList section */
		34F3DA1D28390C4D00436387 /* Build configuration list for PBXProject "cue" */ = {
			isa = XCConfigurationList;
			buildConfigurations = (
				34F3DA4528390C4E00436387 /* Debug */,
				34F3DA4628390C4E00436387 /* Release */,
			);
			defaultConfigurationIsVisible = 0;
			defaultConfigurationName = Release;
		};
		34F3DA4728390C4E00436387 /* Build configuration list for PBXNativeTarget "cue" */ = {
			isa = XCConfigurationList;
			buildConfigurations = (
				34F3DA4828390C4E00436387 /* Debug */,
				34F3DA4928390C4E00436387 /* Release */,
			);
			defaultConfigurationIsVisible = 0;
			defaultConfigurationName = Release;
		};
		34F3DA4A28390C4E00436387 /* Build configuration list for PBXNativeTarget "cueTests" */ = {
			isa = XCConfigurationList;
			buildConfigurations = (
				34F3DA4B28390C4E00436387 /* Debug */,
				34F3DA4C28390C4E00436387 /* Release */,
			);
			defaultConfigurationIsVisible = 0;
			defaultConfigurationName = Release;
		};
		34F3DA4D28390C4E00436387 /* Build configuration list for PBXNativeTarget "cueUITests" */ = {
			isa = XCConfigurationList;
			buildConfigurations = (
				34F3DA4E28390C4E00436387 /* Debug */,
				34F3DA4F28390C4E00436387 /* Release */,
			);
			defaultConfigurationIsVisible = 0;
			defaultConfigurationName = Release;
		};
/* End XCConfigurationList section */

/* Begin XCRemoteSwiftPackageReference section */
		34222A9628442DB100D16A74 /* XCRemoteSwiftPackageReference "ORSSerialPort" */ = {
			isa = XCRemoteSwiftPackageReference;
			repositoryURL = "https://github.com/armadsen/ORSSerialPort.git";
			requirement = {
				kind = upToNextMinorVersion;
				minimumVersion = 2.1.0;
			};
		};
/* End XCRemoteSwiftPackageReference section */

/* Begin XCSwiftPackageProductDependency section */
		34222A9728442DB100D16A74 /* ORSSerial */ = {
			isa = XCSwiftPackageProductDependency;
			package = 34222A9628442DB100D16A74 /* XCRemoteSwiftPackageReference "ORSSerialPort" */;
			productName = ORSSerial;
		};
/* End XCSwiftPackageProductDependency section */
	};
	rootObject = 34F3DA1A28390C4D00436387 /* Project object */;
}
